
Microsoft Visual Studio Solution File, Format Version 12.00
# Visual Studio Version 18
VisualStudioVersion = 18.5.11626.173
MinimumVisualStudioVersion = 10.0.40219.1
Project("{FAE04EC0-301F-11D3-BF4B-00C04F79EFBC}") = "AutoTest.Infrastructure", "src\AutoTest.Infrastructure\AutoTest.Infrastructure.csproj", "{FAEDB099-C3E9-4EB3-9A1F-76415E65E7BB}"
EndProject
Project("{FAE04EC0-301F-11D3-BF4B-00C04F79EFBC}") = "AutoTest.Webapi", "src\AutoTest.Webapi\AutoTest.Webapi.csproj", "{B58FC025-F41D-448E-BF8F-1B4A8B16D1B9}"
EndProject
Project("{FAE04EC0-301F-11D3-BF4B-00C04F79EFBC}") = "AutoTest.Core", "src\AutoTest.Core\AutoTest.Core.csproj", "{3870554D-EB9B-44DE-851D-9FE36A3529B3}"
EndProject
Project("{FAE04EC0-301F-11D3-BF4B-00C04F79EFBC}") = "AutoTest.Application", "src\AutoTest.Application\AutoTest.Application.csproj", "{C105310D-E65E-42E9-A309-5554E98BC379}"
EndProject
Project("{2150E333-8FDC-42A3-9474-1A3956D46DE8}") = "src", "src", "{827E0CD3-B72D-47B6-A68D-7590B98EB39B}"
EndProject
Project("{2150E333-8FDC-42A3-9474-1A3956D46DE8}") = "common", "common", "{BFF2DF6E-AA54-47C7-211F-79ACCBB4577C}"
EndProject
Project("{FAE04EC0-301F-11D3-BF4B-00C04F79EFBC}") = "CacheCommons", "src\common\CacheCommons\CacheCommons.csproj", "{21D8DA5E-86A4-4D88-AAAC-06E9A9D43347}"
EndProject
Project("{FAE04EC0-301F-11D3-BF4B-00C04F79EFBC}") = "AutoTest.Migrations", "src\AutoTest.Migrations\AutoTest.Migrations.csproj", "{C703405D-4192-4B1E-BE8E-A3AF16794C5A}"
EndProject
Project("{2150E333-8FDC-42A3-9474-1A3956D46DE8}") = "test", "test", "{0C88DD14-F956-CE84-757C-A364CCF449FC}"
EndProject
Project("{FAE04EC0-301F-11D3-BF4B-00C04F79EFBC}") = "AutoTest.test", "test\AutoTest.test\AutoTest.test.csproj", "{C586A156-78FB-44F3-8173-E02C42830F43}"
EndProject
Project("{FAE04EC0-301F-11D3-BF4B-00C04F79EFBC}") = "Auth", "src\Auth\Auth.csproj", "{F50D6BBA-7324-4A1E-B096-693A8AF5CAA8}"
EndProject
Project("{FAE04EC0-301F-11D3-BF4B-00C04F79EFBC}") = "AutoTest.AI", "src\AutoTest.AI\AutoTest.AI.csproj", "{E662BFB1-60AE-4329-A532-F819510042DF}"
EndProject
Project("{FAE04EC0-301F-11D3-BF4B-00C04F79EFBC}") = "AutoTest.Execution", "src\AutoTest.Execution\AutoTest.Execution.csproj", "{099D3DBE-152B-4F3F-996C-5981347B538B}"
EndProject
Project("{FAE04EC0-301F-11D3-BF4B-00C04F79EFBC}") = "AutoTest.Assertions", "src\AutoTest.Assertions\AutoTest.Assertions.csproj", "{05A52940-A10C-4766-A70D-CFDE375A57F6}"
EndProject
Global
	GlobalSection(SolutionConfigurationPlatforms) = preSolution
		Debug|Any CPU = Debug|Any CPU
		Debug|x64 = Debug|x64
		Debug|x86 = Debug|x86
		Release|Any CPU = Release|Any CPU
		Release|x64 = Release|x64
		Release|x86 = Release|x86
	EndGlobalSection
	GlobalSection(ProjectConfigurationPlatforms) = postSolution
		{FAEDB099-C3E9-4EB3-9A1F-76415E65E7BB}.Debug|Any CPU.ActiveCfg = Debug|Any CPU
		{FAEDB099-C3E9-4EB3-9A1F-76415E65E7BB}.Debug|Any CPU.Build.0 = Debug|Any CPU
		{FAEDB099-C3E9-4EB3-9A1F-76415E65E7BB}.Debug|x64.ActiveCfg = Debug|Any CPU
		{FAEDB099-C3E9-4EB3-9A1F-76415E65E7BB}.Debug|x64.Build.0 = Debug|Any CPU
		{FAEDB099-C3E9-4EB3-9A1F-76415E65E7BB}.Debug|x86.ActiveCfg = Debug|Any CPU
		{FAEDB099-C3E9-4EB3-9A1F-76415E65E7BB}.Debug|x86.Build.0 = Debug|Any CPU
		{FAEDB099-C3E9-4EB3-9A1F-76415E65E7BB}.Release|Any CPU.ActiveCfg = Release|Any CPU
		{FAEDB099-C3E9-4EB3-9A1F-76415E65E7BB}.Release|Any CPU.Build.0 = Release|Any CPU
		{FAEDB099-C3E9-4EB3-9A1F-76415E65E7BB}.Release|x64.ActiveCfg = Release|Any CPU
		{FAEDB099-C3E9-4EB3-9A1F-76415E65E7BB}.Release|x64.Build.0 = Release|Any CPU
		{FAEDB099-C3E9-4EB3-9A1F-76415E65E7BB}.Release|x86.ActiveCfg = Release|Any CPU
		{FAEDB099-C3E9-4EB3-9A1F-76415E65E7BB}.Release|x86.Build.0 = Release|Any CPU
		{B58FC025-F41D-448E-BF8F-1B4A8B16D1B9}.Debug|Any CPU.ActiveCfg = Debug|Any CPU
		{B58FC025-F41D-448E-BF8F-1B4A8B16D1B9}.Debug|Any CPU.Build.0 = Debug|Any CPU
		{B58FC025-F41D-448E-BF8F-1B4A8B16D1B9}.Debug|x64.ActiveCfg = Debug|Any CPU
		{B58FC025-F41D-448E-BF8F-1B4A8B16D1B9}.Debug|x64.Build.0 = Debug|Any CPU
		{B58FC025-F41D-448E-BF8F-1B4A8B16D1B9}.Debug|x86.ActiveCfg = Debug|Any CPU
		{B58FC025-F41D-448E-BF8F-1B4A8B16D1B9}.Debug|x86.Build.0 = Debug|Any CPU
		{B58FC025-F41D-448E-BF8F-1B4A8B16D1B9}.Release|Any CPU.ActiveCfg = Release|Any CPU
		{B58FC025-F41D-448E-BF8F-1B4A8B16D1B9}.Release|Any CPU.Build.0 = Release|Any CPU
		{B58FC025-F41D-448E-BF8F-1B4A8B16D1B9}.Release|x64.ActiveCfg = Release|Any CPU
		{B58FC025-F41D-448E-BF8F-1B4A8B16D1B9}.Release|x64.Build.0 = Release|Any CPU
		{B58FC025-F41D-448E-BF8F-1B4A8B16D1B9}.Release|x86.ActiveCfg = Release|Any CPU
		{B58FC025-F41D-448E-BF8F-1B4A8B16D1B9}.Release|x86.Build.0 = Release|Any CPU
		{3870554D-EB9B-44DE-851D-9FE36A3529B3}.Debug|Any CPU.ActiveCfg = Debug|Any CPU
		{3870554D-EB9B-44DE-851D-9FE36A3529B3}.Debug|Any CPU.Build.0 = Debug|Any CPU
		{3870554D-EB9B-44DE-851D-9FE36A3529B3}.Debug|x64.ActiveCfg = Debug|Any CPU
		{3870554D-EB9B-44DE-851D-9FE36A3529B3}.Debug|x64.Build.0 = Debug|Any CPU
		{3870554D-EB9B-44DE-851D-9FE36A3529B3}.Debug|x86.ActiveCfg = Debug|Any CPU
		{3870554D-EB9B-44DE-851D-9FE36A3529B3}.Debug|x86.Build.0 = Debug|Any CPU
		{3870554D-EB9B-44DE-851D-9FE36A3529B3}.Release|Any CPU.ActiveCfg = Release|Any CPU
		{3870554D-EB9B-44DE-851D-9FE36A3529B3}.Release|Any CPU.Build.0 = Release|Any CPU
		{3870554D-EB9B-44DE-851D-9FE36A3529B3}.Release|x64.ActiveCfg = Release|Any CPU
		{3870554D-EB9B-44DE-851D-9FE36A3529B3}.Release|x64.Build.0 = Release|Any CPU
		{3870554D-EB9B-44DE-851D-9FE36A3529B3}.Release|x86.ActiveCfg = Release|Any CPU
		{3870554D-EB9B-44DE-851D-9FE36A3529B3}.Release|x86.Build.0 = Release|Any CPU
		{C105310D-E65E-42E9-A309-5554E98BC379}.Debug|Any CPU.ActiveCfg = Debug|Any CPU
		{C105310D-E65E-42E9-A309-5554E98BC379}.Debug|Any CPU.Build.0 = Debug|Any CPU
		{C105310D-E65E-42E9-A309-5554E98BC379}.Debug|x64.ActiveCfg = Debug|Any CPU
		{C105310D-E65E-42E9-A309-5554E98BC379}.Debug|x64.Build.0 = Debug|Any CPU
		{C105310D-E65E-42E9-A309-5554E98BC379}.Debug|x86.ActiveCfg = Debug|Any CPU
		{C105310D-E65E-42E9-A309-5554E98BC379}.Debug|x86.Build.0 = Debug|Any CPU
		{C105310D-E65E-42E9-A309-5554E98BC379}.Release|Any CPU.ActiveCfg = Release|Any CPU
		{C105310D-E65E-42E9-A309-5554E98BC379}.Release|Any CPU.Build.0 = Release|Any CPU
		{C105310D-E65E-42E9-A309-5554E98BC379}.Release|x64.ActiveCfg = Release|Any CPU
		{C105310D-E65E-42E9-A309-5554E98BC379}.Release|x64.Build.0 = Release|Any CPU
		{C105310D-E65E-42E9-A309-5554E98BC379}.Release|x86.ActiveCfg = Release|Any CPU
		{C105310D-E65E-42E9-A309-5554E98BC379}.Release|x86.Build.0 = Release|Any CPU
		{21D8DA5E-86A4-4D88-AAAC-06E9A9D43347}.Debug|Any CPU.ActiveCfg = Debug|Any CPU
		{21D8DA5E-86A4-4D88-AAAC-06E9A9D43347}.Debug|Any CPU.Build.0 = Debug|Any CPU
		{21D8DA5E-86A4-4D88-AAAC-06E9A9D43347}.Debug|x64.ActiveCfg = Debug|Any CPU
		{21D8DA5E-86A4-4D88-AAAC-06E9A9D43347}.Debug|x64.Build.0 = Debug|Any CPU
		{21D8DA5E-86A4-4D88-AAAC-06E9A9D43347}.Debug|x86.ActiveCfg = Debug|Any CPU
		{21D8DA5E-86A4-4D88-AAAC-06E9A9D43347}.Debug|x86.Build.0 = Debug|Any CPU
		{21D8DA5E-86A4-4D88-AAAC-06E9A9D43347}.Release|Any CPU.ActiveCfg = Release|Any CPU
		{21D8DA5E-86A4-4D88-AAAC-06E9A9D43347}.Release|Any CPU.Build.0 = Release|Any CPU
		{21D8DA5E-86A4-4D88-AAAC-06E9A9D43347}.Release|x64.ActiveCfg = Release|Any CPU
		{21D8DA5E-86A4-4D88-AAAC-06E9A9D43347}.Release|x64.Build.0 = Release|Any CPU
		{21D8DA5E-86A4-4D88-AAAC-06E9A9D43347}.Release|x86.ActiveCfg = Release|Any CPU
		{21D8DA5E-86A4-4D88-AAAC-06E9A9D43347}.Release|x86.Build.0 = Release|Any CPU
		{C703405D-4192-4B1E-BE8E-A3AF16794C5A}.Debug|Any CPU.ActiveCfg = Debug|Any CPU
		{C703405D-4192-4B1E-BE8E-A3AF16794C5A}.Debug|Any CPU.Build.0 = Debug|Any CPU
		{C703405D-4192-4B1E-BE8E-A3AF16794C5A}.Debug|x64.ActiveCfg = Debug|Any CPU
		{C703405D-4192-4B1E-BE8E-A3AF16794C5A}.Debug|x64.Build.0 = Debug|Any CPU
		{C703405D-4192-4B1E-BE8E-A3AF16794C5A}.Debug|x86.ActiveCfg = Debug|Any CPU
		{C703405D-4192-4B1E-BE8E-A3AF16794C5A}.Debug|x86.Build.0 = Debug|Any CPU
		{C703405D-4192-4B1E-BE8E-A3AF16794C5A}.Release|Any CPU.ActiveCfg = Release|Any CPU
		{C703405D-4192-4B1E-BE8E-A3AF16794C5A}.Release|Any CPU.Build.0 = Release|Any CPU
		{C703405D-4192-4B1E-BE8E-A3AF16794C5A}.Release|x64.ActiveCfg = Release|Any CPU
		{C703405D-4192-4B1E-BE8E-A3AF16794C5A}.Release|x64.Build.0 = Release|Any CPU
		{C703405D-4192-4B1E-BE8E-A3AF16794C5A}.Release|x86.ActiveCfg = Release|Any CPU
		{C703405D-4192-4B1E-BE8E-A3AF16794C5A}.Release|x86.Build.0 = Release|Any CPU
		{C586A156-78FB-44F3-8173-E02C42830F43}.Debug|Any CPU.ActiveCfg = Debug|Any CPU
		{C586A156-78FB-44F3-8173-E02C42830F43}.Debug|Any CPU.Build.0 = Debug|Any CPU
		{C586A156-78FB-44F3-8173-E02C42830F43}.Debug|x64.ActiveCfg = Debug|Any CPU
		{C586A156-78FB-44F3-8173-E02C42830F43}.Debug|x64.Build.0 = Debug|Any CPU
		{C586A156-78FB-44F3-8173-E02C42830F43}.Debug|x86.ActiveCfg = Debug|Any CPU
		{C586A156-78FB-44F3-8173-E02C42830F43}.Debug|x86.Build.0 = Debug|Any CPU
		{C586A156-78FB-44F3-8173-E02C42830F43}.Release|Any CPU.ActiveCfg = Release|Any CPU
		{C586A156-78FB-44F3-8173-E02C42830F43}.Release|Any CPU.Build.0 = Release|Any CPU
		{C586A156-78FB-44F3-8173-E02C42830F43}.Release|x64.ActiveCfg = Release|Any CPU
		{C586A156-78FB-44F3-8173-E02C42830F43}.Release|x64.Build.0 = Release|Any CPU
		{C586A156-78FB-44F3-8173-E02C42830F43}.Release|x86.ActiveCfg = Release|Any CPU
		{C586A156-78FB-44F3-8173-E02C42830F43}.Release|x86.Build.0 = Release|Any CPU
		{F50D6BBA-7324-4A1E-B096-693A8AF5CAA8}.Debug|Any CPU.ActiveCfg = Debug|Any CPU
		{F50D6BBA-7324-4A1E-B096-693A8AF5CAA8}.Debug|Any CPU.Build.0 = Debug|Any CPU
		{F50D6BBA-7324-4A1E-B096-693A8AF5CAA8}.Debug|x64.ActiveCfg = Debug|Any CPU
		{F50D6BBA-7324-4A1E-B096-693A8AF5CAA8}.Debug|x64.Build.0 = Debug|Any CPU
		{F50D6BBA-7324-4A1E-B096-693A8AF5CAA8}.Debug|x86.ActiveCfg = Debug|Any CPU
		{F50D6BBA-7324-4A1E-B096-693A8AF5CAA8}.Debug|x86.Build.0 = Debug|Any CPU
		{F50D6BBA-7324-4A1E-B096-693A8AF5CAA8}.Release|Any CPU.ActiveCfg = Release|Any CPU
		{F50D6BBA-7324-4A1E-B096-693A8AF5CAA8}.Release|Any CPU.Build.0 = Release|Any CPU
		{F50D6BBA-7324-4A1E-B096-693A8AF5CAA8}.Release|x64.ActiveCfg = Release|Any CPU
		{F50D6BBA-7324-4A1E-B096-693A8AF5CAA8}.Release|x64.Build.0 = Release|Any CPU
		{F50D6BBA-7324-4A1E-B096-693A8AF5CAA8}.Release|x86.ActiveCfg = Release|Any CPU
		{F50D6BBA-7324-4A1E-B096-693A8AF5CAA8}.Release|x86.Build.0 = Release|Any CPU
		{E662BFB1-60AE-4329-A532-F819510042DF}.Debug|Any CPU.ActiveCfg = Debug|Any CPU
		{E662BFB1-60AE-4329-A532-F819510042DF}.Debug|Any CPU.Build.0 = Debug|Any CPU
		{E662BFB1-60AE-4329-A532-F819510042DF}.Debug|x64.ActiveCfg = Debug|Any CPU
		{E662BFB1-60AE-4329-A532-F819510042DF}.Debug|x64.Build.0 = Debug|Any CPU
		{E662BFB1-60AE-4329-A532-F819510042DF}.Debug|x86.ActiveCfg = Debug|Any CPU
		{E662BFB1-60AE-4329-A532-F819510042DF}.Debug|x86.Build.0 = Debug|Any CPU
		{E662BFB1-60AE-4329-A532-F819510042DF}.Release|Any CPU.ActiveCfg = Release|Any CPU
		{E662BFB1-60AE-4329-A532-F819510042DF}.Release|Any CPU.Build.0 = Release|Any CPU
		{E662BFB1-60AE-4329-A532-F819510042DF}.Release|x64.ActiveCfg = Release|Any CPU
		{E662BFB1-60AE-4329-A532-F819510042DF}.Release|x64.Build.0 = Release|Any CPU
		{E662BFB1-60AE-4329-A532-F819510042DF}.Release|x86.ActiveCfg = Release|Any CPU
		{E662BFB1-60AE-4329-A532-F819510042DF}.Release|x86.Build.0 = Release|Any CPU
		{099D3DBE-152B-4F3F-996C-5981347B538B}.Debug|Any CPU.ActiveCfg = Debug|Any CPU
		{099D3DBE-152B-4F3F-996C-5981347B538B}.Debug|Any CPU.Build.0 = Debug|Any CPU
		{099D3DBE-152B-4F3F-996C-5981347B538B}.Debug|x64.ActiveCfg = Debug|Any CPU
		{099D3DBE-152B-4F3F-996C-5981347B538B}.Debug|x64.Build.0 = Debug|Any CPU
		{099D3DBE-152B-4F3F-996C-5981347B538B}.Debug|x86.ActiveCfg = Debug|Any CPU
		{099D3DBE-152B-4F3F-996C-5981347B538B}.Debug|x86.Build.0 = Debug|Any CPU
		{099D3DBE-152B-4F3F-996C-5981347B538B}.Release|Any CPU.ActiveCfg = Release|Any CPU
		{099D3DBE-152B-4F3F-996C-5981347B538B}.Release|Any CPU.Build.0 = Release|Any CPU
		{099D3DBE-152B-4F3F-996C-5981347B538B}.Release|x64.ActiveCfg = Release|Any CPU
		{099D3DBE-152B-4F3F-996C-5981347B538B}.Release|x64.Build.0 = Release|Any CPU
		{099D3DBE-152B-4F3F-996C-5981347B538B}.Release|x86.ActiveCfg = Release|Any CPU
		{099D3DBE-152B-4F3F-996C-5981347B538B}.Release|x86.Build.0 = Release|Any CPU
		{05A52940-A10C-4766-A70D-CFDE375A57F6}.Debug|Any CPU.ActiveCfg = Debug|Any CPU
		{05A52940-A10C-4766-A70D-CFDE375A57F6}.Debug|Any CPU.Build.0 = Debug|Any CPU
		{05A52940-A10C-4766-A70D-CFDE375A57F6}.Debug|x64.ActiveCfg = Debug|Any CPU
		{05A52940-A10C-4766-A70D-CFDE375A57F6}.Debug|x64.Build.0 = Debug|Any CPU
		{05A52940-A10C-4766-A70D-CFDE375A57F6}.Debug|x86.ActiveCfg = Debug|Any CPU
		{05A52940-A10C-4766-A70D-CFDE375A57F6}.Debug|x86.Build.0 = Debug|Any CPU
		{05A52940-A10C-4766-A70D-CFDE375A57F6}.Release|Any CPU.ActiveCfg = Release|Any CPU
		{05A52940-A10C-4766-A70D-CFDE375A57F6}.Release|Any CPU.Build.0 = Release|Any CPU
		{05A52940-A10C-4766-A70D-CFDE375A57F6}.Release|x64.ActiveCfg = Release|Any CPU
		{05A52940-A10C-4766-A70D-CFDE375A57F6}.Release|x64.Build.0 = Release|Any CPU
		{05A52940-A10C-4766-A70D-CFDE375A57F6}.Release|x86.ActiveCfg = Release|Any CPU
		{05A52940-A10C-4766-A70D-CFDE375A57F6}.Release|x86.Build.0 = Release|Any CPU
	EndGlobalSection
	GlobalSection(SolutionProperties) = preSolution
		HideSolutionNode = FALSE
	EndGlobalSection
	GlobalSection(NestedProjects) = preSolution
		{BFF2DF6E-AA54-47C7-211F-79ACCBB4577C} = {827E0CD3-B72D-47B6-A68D-7590B98EB39B}
		{21D8DA5E-86A4-4D88-AAAC-06E9A9D43347} = {BFF2DF6E-AA54-47C7-211F-79ACCBB4577C}
		{C703405D-4192-4B1E-BE8E-A3AF16794C5A} = {827E0CD3-B72D-47B6-A68D-7590B98EB39B}
		{C586A156-78FB-44F3-8173-E02C42830F43} = {0C88DD14-F956-CE84-757C-A364CCF449FC}
		{F50D6BBA-7324-4A1E-B096-693A8AF5CAA8} = {827E0CD3-B72D-47B6-A68D-7590B98EB39B}
		{E662BFB1-60AE-4329-A532-F819510042DF} = {827E0CD3-B72D-47B6-A68D-7590B98EB39B}
		{099D3DBE-152B-4F3F-996C-5981347B538B} = {827E0CD3-B72D-47B6-A68D-7590B98EB39B}
		{05A52940-A10C-4766-A70D-CFDE375A57F6} = {827E0CD3-B72D-47B6-A68D-7590B98EB39B}
	EndGlobalSection
	GlobalSection(ExtensibilityGlobals) = postSolution
		SolutionGuid = {975C1A7E-EC48-41B4-90DF-A9E97251AC83}
	EndGlobalSection
EndGlobal
